
Microsoft Visual Studio Solution File, Format Version 12.00
# Visual Studio 2013
VisualStudioVersion = 12.0.31101.0
MinimumVisualStudioVersion = 10.0.40219.1
Project("{FAE04EC0-301F-11D3-BF4B-00C04F79EFBC}") = "Archimedes.Controls.WPF", "Archimedes.Controls.WPF\Archimedes.Controls.WPF.csproj", "{9B72F725-A1DB-45E8-AEFF-34AB9601F161}"
EndProject
Project("{FAE04EC0-301F-11D3-BF4B-00C04F79EFBC}") = "Archimedes.Tests", "Archimedes.Tests\Archimedes.Tests.csproj", "{41E7583E-4C6C-4DAA-8648-3DB3455B8A88}"
EndProject
Project("{FAE04EC0-301F-11D3-BF4B-00C04F79EFBC}") = "Archimedes.Genetics", "Archimedes.Genetics\Archimedes.Genetics.csproj", "{EE1066D7-5DC0-4EAE-8290-CD5E1CEBFE5C}"
EndProject
Project("{2150E333-8FDC-42A3-9474-1A3956D46DE8}") = "Tests", "Tests", "{81044E98-5051-4F8B-8A4E-07F7312441E5}"
EndProject
Project("{2150E333-8FDC-42A3-9474-1A3956D46DE8}") = ".nuget", ".nuget", "{8B68A906-D8F4-4C4E-8A97-E6DA5358DCCB}"
	ProjectSection(SolutionItems) = preProject
		.nuget\NuGet.Config = .nuget\NuGet.Config
		.nuget\NuGet.exe = .nuget\NuGet.exe
		.nuget\NuGet.targets = .nuget\NuGet.targets
	EndProjectSection
EndProject
Global
	GlobalSection(SolutionConfigurationPlatforms) = preSolution
		Debug|Any CPU = Debug|Any CPU
		Debug|Mixed Platforms = Debug|Mixed Platforms
		Debug|x86 = Debug|x86
		Release|Any CPU = Release|Any CPU
		Release|Mixed Platforms = Release|Mixed Platforms
		Release|x86 = Release|x86
	EndGlobalSection
	GlobalSection(ProjectConfigurationPlatforms) = postSolution
		{9B72F725-A1DB-45E8-AEFF-34AB9601F161}.Debug|Any CPU.ActiveCfg = Debug|Any CPU
		{9B72F725-A1DB-45E8-AEFF-34AB9601F161}.Debug|Any CPU.Build.0 = Debug|Any CPU
		{9B72F725-A1DB-45E8-AEFF-34AB9601F161}.Debug|Mixed Platforms.ActiveCfg = Debug|Any CPU
		{9B72F725-A1DB-45E8-AEFF-34AB9601F161}.Debug|Mixed Platforms.Build.0 = Debug|Any CPU
		{9B72F725-A1DB-45E8-AEFF-34AB9601F161}.Debug|x86.ActiveCfg = Debug|Any CPU
		{9B72F725-A1DB-45E8-AEFF-34AB9601F161}.Release|Any CPU.ActiveCfg = Release|Any CPU
		{9B72F725-A1DB-45E8-AEFF-34AB9601F161}.Release|Any CPU.Build.0 = Release|Any CPU
		{9B72F725-A1DB-45E8-AEFF-34AB9601F161}.Release|Mixed Platforms.ActiveCfg = Release|Any CPU
		{9B72F725-A1DB-45E8-AEFF-34AB9601F161}.Release|Mixed Platforms.Build.0 = Release|Any CPU
		{9B72F725-A1DB-45E8-AEFF-34AB9601F161}.Release|x86.ActiveCfg = Release|Any CPU
		{41E7583E-4C6C-4DAA-8648-3DB3455B8A88}.Debug|Any CPU.ActiveCfg = Debug|x86
		{41E7583E-4C6C-4DAA-8648-3DB3455B8A88}.Debug|Mixed Platforms.ActiveCfg = Debug|x86
		{41E7583E-4C6C-4DAA-8648-3DB3455B8A88}.Debug|Mixed Platforms.Build.0 = Debug|x86
		{41E7583E-4C6C-4DAA-8648-3DB3455B8A88}.Debug|x86.ActiveCfg = Debug|x86
		{41E7583E-4C6C-4DAA-8648-3DB3455B8A88}.Debug|x86.Build.0 = Debug|x86
		{41E7583E-4C6C-4DAA-8648-3DB3455B8A88}.Release|Any CPU.ActiveCfg = Release|x86
		{41E7583E-4C6C-4DAA-8648-3DB3455B8A88}.Release|Mixed Platforms.ActiveCfg = Release|x86
		{41E7583E-4C6C-4DAA-8648-3DB3455B8A88}.Release|Mixed Platforms.Build.0 = Release|x86
		{41E7583E-4C6C-4DAA-8648-3DB3455B8A88}.Release|x86.ActiveCfg = Release|x86
		{41E7583E-4C6C-4DAA-8648-3DB3455B8A88}.Release|x86.Build.0 = Release|x86
		{EE1066D7-5DC0-4EAE-8290-CD5E1CEBFE5C}.Debug|Any CPU.ActiveCfg = Debug|Any CPU
		{EE1066D7-5DC0-4EAE-8290-CD5E1CEBFE5C}.Debug|Any CPU.Build.0 = Debug|Any CPU
		{EE1066D7-5DC0-4EAE-8290-CD5E1CEBFE5C}.Debug|Mixed Platforms.ActiveCfg = Debug|Any CPU
		{EE1066D7-5DC0-4EAE-8290-CD5E1CEBFE5C}.Debug|Mixed Platforms.Build.0 = Debug|Any CPU
		{EE1066D7-5DC0-4EAE-8290-CD5E1CEBFE5C}.Debug|x86.ActiveCfg = Debug|Any CPU
		{EE1066D7-5DC0-4EAE-8290-CD5E1CEBFE5C}.Release|Any CPU.ActiveCfg = Release|Any CPU
		{EE1066D7-5DC0-4EAE-8290-CD5E1CEBFE5C}.Release|Any CPU.Build.0 = Release|Any CPU
		{EE1066D7-5DC0-4EAE-8290-CD5E1CEBFE5C}.Release|Mixed Platforms.ActiveCfg = Release|Any CPU
		{EE1066D7-5DC0-4EAE-8290-CD5E1CEBFE5C}.Release|Mixed Platforms.Build.0 = Release|Any CPU
		{EE1066D7-5DC0-4EAE-8290-CD5E1CEBFE5C}.Release|x86.ActiveCfg = Release|Any CPU
	EndGlobalSection
	GlobalSection(SolutionProperties) = preSolution
		HideSolutionNode = FALSE
	EndGlobalSection
	GlobalSection(NestedProjects) = preSolution
		{41E7583E-4C6C-4DAA-8648-3DB3455B8A88} = {81044E98-5051-4F8B-8A4E-07F7312441E5}
	EndGlobalSection
EndGlobal
